
Microsoft Visual Studio Solution File, Format Version 12.00
# Visual Studio 15
VisualStudioVersion = 15.0.27428.2005
MinimumVisualStudioVersion = 10.0.40219.1
Project("{FAE04EC0-301F-11D3-BF4B-00C04F79EFBC}") = "Game.Web", "Game.Web\Game.Web.csproj", "{378E7179-0B77-49A9-A8B3-638DF0D362F1}"
EndProject
Project("{E53339B2-1760-4266-BCC7-CA923CBCF16C}") = "docker-compose", "docker-compose.dcproj", "{52E75A66-05FF-427E-ADED-98A73205E5D8}"
EndProject
Project("{FAE04EC0-301F-11D3-BF4B-00C04F79EFBC}") = "Game.ActorModel", "Game.ActorSystem\Game.ActorModel.csproj", "{EF1338FD-1CDA-452B-9C7A-374A0349EA38}"
EndProject
Global
	GlobalSection(SolutionConfigurationPlatforms) = preSolution
		Debug|Any CPU = Debug|Any CPU
		Release|Any CPU = Release|Any CPU
	EndGlobalSection
	GlobalSection(ProjectConfigurationPlatforms) = postSolution
		{378E7179-0B77-49A9-A8B3-638DF0D362F1}.Debug|Any CPU.ActiveCfg = Debug|Any CPU
		{378E7179-0B77-49A9-A8B3-638DF0D362F1}.Debug|Any CPU.Build.0 = Debug|Any CPU
		{378E7179-0B77-49A9-A8B3-638DF0D362F1}.Release|Any CPU.ActiveCfg = Release|Any CPU
		{378E7179-0B77-49A9-A8B3-638DF0D362F1}.Release|Any CPU.Build.0 = Release|Any CPU
		{52E75A66-05FF-427E-ADED-98A73205E5D8}.Debug|Any CPU.ActiveCfg = Debug|Any CPU
		{52E75A66-05FF-427E-ADED-98A73205E5D8}.Debug|Any CPU.Build.0 = Debug|Any CPU
		{52E75A66-05FF-427E-ADED-98A73205E5D8}.Release|Any CPU.ActiveCfg = Release|Any CPU
		{52E75A66-05FF-427E-ADED-98A73205E5D8}.Release|Any CPU.Build.0 = Release|Any CPU
		{EF1338FD-1CDA-452B-9C7A-374A0349EA38}.Debug|Any CPU.ActiveCfg = Debug|Any CPU
		{EF1338FD-1CDA-452B-9C7A-374A0349EA38}.Debug|Any CPU.Build.0 = Debug|Any CPU
		{EF1338FD-1CDA-452B-9C7A-374A0349EA38}.Release|Any CPU.ActiveCfg = Release|Any CPU
		{EF1338FD-1CDA-452B-9C7A-374A0349EA38}.Release|Any CPU.Build.0 = Release|Any CPU
	EndGlobalSection
	GlobalSection(SolutionProperties) = preSolution
		HideSolutionNode = FALSE
	EndGlobalSection
	GlobalSection(ExtensibilityGlobals) = postSolution
		SolutionGuid = {A7E35311-B482-4BAF-91CB-2A472B5BC4CB}
	EndGlobalSection
EndGlobal
